
Microsoft Visual Studio Solution File, Format Version 12.00
# Visual Studio Version 17
VisualStudioVersion = 17.14.36414.22 d17.14
MinimumVisualStudioVersion = 10.0.40219.1
Project("{FAE04EC0-301F-11D3-BF4B-00C04F79EFBC}") = "Sim6Umut", "Sim6Umut\Sim6Umut.csproj", "{BF308BDF-7035-407E-802C-5297F205B017}"
EndProject
Global
	GlobalSection(SolutionConfigurationPlatforms) = preSolution
		Debug|Any CPU = Debug|Any CPU
		Release|Any CPU = Release|Any CPU
	EndGlobalSection
	GlobalSection(ProjectConfigurationPlatforms) = postSolution
		{BF308BDF-7035-407E-802C-5297F205B017}.Debug|Any CPU.ActiveCfg = Debug|Any CPU
		{BF308BDF-7035-407E-802C-5297F205B017}.Debug|Any CPU.Build.0 = Debug|Any CPU
		{BF308BDF-7035-407E-802C-5297F205B017}.Release|Any CPU.ActiveCfg = Release|Any CPU
		{BF308BDF-7035-407E-802C-5297F205B017}.Release|Any CPU.Build.0 = Release|Any CPU
	EndGlobalSection
	GlobalSection(SolutionProperties) = preSolution
		HideSolutionNode = FALSE
	EndGlobalSection
	GlobalSection(ExtensibilityGlobals) = postSolution
		SolutionGuid = {81682E4A-50B5-4E97-AB58-A07893380240}
	EndGlobalSection
EndGlobal
